
Microsoft Visual Studio Solution File, Format Version 12.00
# Visual Studio Version 17
VisualStudioVersion = 17.0.32112.339
MinimumVisualStudioVersion = 10.0.40219.1
Project("{FAE04EC0-301F-11D3-BF4B-00C04F79EFBC}") = "ErickPavonL3", "ErickPavonL3\ErickPavonL3.csproj", "{3A02BF8B-9FEC-4BCF-BF1D-02B313916FB8}"
EndProject
Global
	GlobalSection(SolutionConfigurationPlatforms) = preSolution
		Debug|Any CPU = Debug|Any CPU
		Release|Any CPU = Release|Any CPU
	EndGlobalSection
	GlobalSection(ProjectConfigurationPlatforms) = postSolution
		{3A02BF8B-9FEC-4BCF-BF1D-02B313916FB8}.Debug|Any CPU.ActiveCfg = Debug|Any CPU
		{3A02BF8B-9FEC-4BCF-BF1D-02B313916FB8}.Debug|Any CPU.Build.0 = Debug|Any CPU
		{3A02BF8B-9FEC-4BCF-BF1D-02B313916FB8}.Release|Any CPU.ActiveCfg = Release|Any CPU
		{3A02BF8B-9FEC-4BCF-BF1D-02B313916FB8}.Release|Any CPU.Build.0 = Release|Any CPU
	EndGlobalSection
	GlobalSection(SolutionProperties) = preSolution
		HideSolutionNode = FALSE
	EndGlobalSection
	GlobalSection(ExtensibilityGlobals) = postSolution
		SolutionGuid = {C248D15F-CA79-4799-8D5F-B0224C2CD211}
	EndGlobalSection
EndGlobal
